
Microsoft Visual Studio Solution File, Format Version 12.00
# Visual Studio Version 17
VisualStudioVersion = 17.4.33205.214
MinimumVisualStudioVersion = 10.0.40219.1
Project("{FAE04EC0-301F-11D3-BF4B-00C04F79EFBC}") = "RecruitmentPlatform", "RecruitmentPlatform\RecruitmentPlatform.csproj", "{6F01E027-AC1E-43F5-9D1F-0A8B06355916}"
EndProject
Project("{FAE04EC0-301F-11D3-BF4B-00C04F79EFBC}") = "RecruitmentPlatform.Data", "RecruitmentPlatform.Data\RecruitmentPlatform.Data.csproj", "{19BC275D-6F7A-4040-A46A-6421795D9872}"
EndProject
Project("{FAE04EC0-301F-11D3-BF4B-00C04F79EFBC}") = "RecruitmentPlatform.Domain", "RecruitmentPlatform.Domain\RecruitmentPlatform.Domain.csproj", "{4C4BC79A-3DC5-4DA8-A5A4-4359F41C1DD6}"
EndProject
Project("{FAE04EC0-301F-11D3-BF4B-00C04F79EFBC}") = "RecruitmentPlatform.Service", "RecruitmentPlatform.Service\RecruitmentPlatform.Service.csproj", "{BF0CFAE1-4DE3-4424-9766-A37991FAE97D}"
EndProject
Global
	GlobalSection(SolutionConfigurationPlatforms) = preSolution
		Debug|Any CPU = Debug|Any CPU
		Release|Any CPU = Release|Any CPU
	EndGlobalSection
	GlobalSection(ProjectConfigurationPlatforms) = postSolution
		{6F01E027-AC1E-43F5-9D1F-0A8B06355916}.Debug|Any CPU.ActiveCfg = Debug|Any CPU
		{6F01E027-AC1E-43F5-9D1F-0A8B06355916}.Debug|Any CPU.Build.0 = Debug|Any CPU
		{6F01E027-AC1E-43F5-9D1F-0A8B06355916}.Release|Any CPU.ActiveCfg = Release|Any CPU
		{6F01E027-AC1E-43F5-9D1F-0A8B06355916}.Release|Any CPU.Build.0 = Release|Any CPU
		{19BC275D-6F7A-4040-A46A-6421795D9872}.Debug|Any CPU.ActiveCfg = Debug|Any CPU
		{19BC275D-6F7A-4040-A46A-6421795D9872}.Debug|Any CPU.Build.0 = Debug|Any CPU
		{19BC275D-6F7A-4040-A46A-6421795D9872}.Release|Any CPU.ActiveCfg = Release|Any CPU
		{19BC275D-6F7A-4040-A46A-6421795D9872}.Release|Any CPU.Build.0 = Release|Any CPU
		{4C4BC79A-3DC5-4DA8-A5A4-4359F41C1DD6}.Debug|Any CPU.ActiveCfg = Debug|Any CPU
		{4C4BC79A-3DC5-4DA8-A5A4-4359F41C1DD6}.Debug|Any CPU.Build.0 = Debug|Any CPU
		{4C4BC79A-3DC5-4DA8-A5A4-4359F41C1DD6}.Release|Any CPU.ActiveCfg = Release|Any CPU
		{4C4BC79A-3DC5-4DA8-A5A4-4359F41C1DD6}.Release|Any CPU.Build.0 = Release|Any CPU
		{BF0CFAE1-4DE3-4424-9766-A37991FAE97D}.Debug|Any CPU.ActiveCfg = Debug|Any CPU
		{BF0CFAE1-4DE3-4424-9766-A37991FAE97D}.Debug|Any CPU.Build.0 = Debug|Any CPU
		{BF0CFAE1-4DE3-4424-9766-A37991FAE97D}.Release|Any CPU.ActiveCfg = Release|Any CPU
		{BF0CFAE1-4DE3-4424-9766-A37991FAE97D}.Release|Any CPU.Build.0 = Release|Any CPU
	EndGlobalSection
	GlobalSection(SolutionProperties) = preSolution
		HideSolutionNode = FALSE
	EndGlobalSection
	GlobalSection(ExtensibilityGlobals) = postSolution
		SolutionGuid = {AF624529-FAC1-4F5D-AB68-B863B25D7076}
	EndGlobalSection
EndGlobal
